
Microsoft Visual Studio Solution File, Format Version 12.00
# Visual Studio Version 17
VisualStudioVersion = 17.10.35013.160
MinimumVisualStudioVersion = 10.0.40219.1
Project("{FAE04EC0-301F-11D3-BF4B-00C04F79EFBC}") = "BACKGROUND_TASK", "BACKGROUND_TASK.csproj", "{55A23FE5-9DA0-4626-9BC3-F969FA738D38}"
EndProject
Project("{FAE04EC0-301F-11D3-BF4B-00C04F79EFBC}") = "Shared", "..\Shared\Shared.csproj", "{F41FE0DC-12DE-4932-9DBA-EB66128C03DD}"
EndProject
Global
	GlobalSection(SolutionConfigurationPlatforms) = preSolution
		Debug|Any CPU = Debug|Any CPU
		Release|Any CPU = Release|Any CPU
	EndGlobalSection
	GlobalSection(ProjectConfigurationPlatforms) = postSolution
		{55A23FE5-9DA0-4626-9BC3-F969FA738D38}.Debug|Any CPU.ActiveCfg = Debug|Any CPU
		{55A23FE5-9DA0-4626-9BC3-F969FA738D38}.Debug|Any CPU.Build.0 = Debug|Any CPU
		{55A23FE5-9DA0-4626-9BC3-F969FA738D38}.Release|Any CPU.ActiveCfg = Release|Any CPU
		{55A23FE5-9DA0-4626-9BC3-F969FA738D38}.Release|Any CPU.Build.0 = Release|Any CPU
		{F41FE0DC-12DE-4932-9DBA-EB66128C03DD}.Debug|Any CPU.ActiveCfg = Debug|Any CPU
		{F41FE0DC-12DE-4932-9DBA-EB66128C03DD}.Debug|Any CPU.Build.0 = Debug|Any CPU
		{F41FE0DC-12DE-4932-9DBA-EB66128C03DD}.Release|Any CPU.ActiveCfg = Release|Any CPU
		{F41FE0DC-12DE-4932-9DBA-EB66128C03DD}.Release|Any CPU.Build.0 = Release|Any CPU
	EndGlobalSection
	GlobalSection(SolutionProperties) = preSolution
		HideSolutionNode = FALSE
	EndGlobalSection
	GlobalSection(ExtensibilityGlobals) = postSolution
		SolutionGuid = {F65B88F2-FB8B-4FF4-8F02-063D201C0E1A}
	EndGlobalSection
EndGlobal
